
Microsoft Visual Studio Solution File, Format Version 12.00
Project("{FAE04EC0-301F-11D3-BF4B-00C04F79EFBC}") = "ChefPos.Domain", "ChefPos.Domain\ChefPos.Domain.csproj", "{0F75F016-3108-40F6-BBC5-0092658785C2}"
EndProject
Project("{FAE04EC0-301F-11D3-BF4B-00C04F79EFBC}") = "ChefPos.Infastructure", "ChefPos.Infastructure\ChefPos.Infastructure.csproj", "{C26FC7C6-D628-4B12-8ED1-7CDE2BFFC335}"
EndProject
Project("{FAE04EC0-301F-11D3-BF4B-00C04F79EFBC}") = "ChefPos.API", "ChefPos.API\ChefPos.API.csproj", "{01ACBE4F-E907-4316-9DD6-E7F08B7B522F}"
EndProject
Project("{FAE04EC0-301F-11D3-BF4B-00C04F79EFBC}") = "ChefPos.Application", "ChefPos.Application\ChefPos.Application.csproj", "{540E1EAA-A525-4769-9329-071BA83A1868}"
EndProject
Global
	GlobalSection(SolutionConfigurationPlatforms) = preSolution
		Debug|Any CPU = Debug|Any CPU
		Release|Any CPU = Release|Any CPU
	EndGlobalSection
	GlobalSection(ProjectConfigurationPlatforms) = postSolution
		{0F75F016-3108-40F6-BBC5-0092658785C2}.Debug|Any CPU.ActiveCfg = Debug|Any CPU
		{0F75F016-3108-40F6-BBC5-0092658785C2}.Debug|Any CPU.Build.0 = Debug|Any CPU
		{0F75F016-3108-40F6-BBC5-0092658785C2}.Release|Any CPU.ActiveCfg = Release|Any CPU
		{0F75F016-3108-40F6-BBC5-0092658785C2}.Release|Any CPU.Build.0 = Release|Any CPU
		{C26FC7C6-D628-4B12-8ED1-7CDE2BFFC335}.Debug|Any CPU.ActiveCfg = Debug|Any CPU
		{C26FC7C6-D628-4B12-8ED1-7CDE2BFFC335}.Debug|Any CPU.Build.0 = Debug|Any CPU
		{C26FC7C6-D628-4B12-8ED1-7CDE2BFFC335}.Release|Any CPU.ActiveCfg = Release|Any CPU
		{C26FC7C6-D628-4B12-8ED1-7CDE2BFFC335}.Release|Any CPU.Build.0 = Release|Any CPU
		{01ACBE4F-E907-4316-9DD6-E7F08B7B522F}.Debug|Any CPU.ActiveCfg = Debug|Any CPU
		{01ACBE4F-E907-4316-9DD6-E7F08B7B522F}.Debug|Any CPU.Build.0 = Debug|Any CPU
		{01ACBE4F-E907-4316-9DD6-E7F08B7B522F}.Release|Any CPU.ActiveCfg = Release|Any CPU
		{01ACBE4F-E907-4316-9DD6-E7F08B7B522F}.Release|Any CPU.Build.0 = Release|Any CPU
		{540E1EAA-A525-4769-9329-071BA83A1868}.Debug|Any CPU.ActiveCfg = Debug|Any CPU
		{540E1EAA-A525-4769-9329-071BA83A1868}.Debug|Any CPU.Build.0 = Debug|Any CPU
		{540E1EAA-A525-4769-9329-071BA83A1868}.Release|Any CPU.ActiveCfg = Release|Any CPU
		{540E1EAA-A525-4769-9329-071BA83A1868}.Release|Any CPU.Build.0 = Release|Any CPU
	EndGlobalSection
EndGlobal
